// !$*UTF8*$!
{
	archiveVersion = 1;
	classes = {
	};
	objectVersion = 48;
	objects = {

/* Begin PBXBuildFile section */
		87D9AEB0201F663D00B56435 /* AppDelegate.swift in Sources */ = {isa = PBXBuildFile; fileRef = 87D9AEAF201F663D00B56435 /* AppDelegate.swift */; };
		87D9AEB2201F663D00B56435 /* ViewController.swift in Sources */ = {isa = PBXBuildFile; fileRef = 87D9AEB1201F663D00B56435 /* ViewController.swift */; };
		87D9AEB5201F663D00B56435 /* Main.storyboard in Resources */ = {isa = PBXBuildFile; fileRef = 87D9AEB3201F663D00B56435 /* Main.storyboard */; };
		87D9AEB7201F663D00B56435 /* Assets.xcassets in Resources */ = {isa = PBXBuildFile; fileRef = 87D9AEB6201F663D00B56435 /* Assets.xcassets */; };
		87D9AEBA201F663D00B56435 /* LaunchScreen.storyboard in Resources */ = {isa = PBXBuildFile; fileRef = 87D9AEB8201F663D00B56435 /* LaunchScreen.storyboard */; };
		87D9AEC5201F663D00B56435 /* MusicAppTests.swift in Sources */ = {isa = PBXBuildFile; fileRef = 87D9AEC4201F663D00B56435 /* MusicAppTests.swift */; };
		87D9AED0201F663D00B56435 /* MusicAppUITests.swift in Sources */ = {isa = PBXBuildFile; fileRef = 87D9AECF201F663D00B56435 /* MusicAppUITests.swift */; };
/* End PBXBuildFile section */

/* Begin PBXContainerItemProxy section */
		87D9AEC1201F663D00B56435 /* PBXContainerItemProxy */ = {
			isa = PBXContainerItemProxy;
			containerPortal = 87D9AEA4201F663D00B56435 /* Project object */;
			proxyType = 1;
			remoteGlobalIDString = 87D9AEAB201F663D00B56435;
			remoteInfo = MusicApp;
		};
		87D9AECC201F663D00B56435 /* PBXContainerItemProxy */ = {
			isa = PBXContainerItemProxy;
			containerPortal = 87D9AEA4201F663D00B56435 /* Project object */;
			proxyType = 1;
			remoteGlobalIDString = 87D9AEAB201F663D00B56435;
			remoteInfo = MusicApp;
		};
/* End PBXContainerItemProxy section */

/* Begin PBXFileReference section */
		87D9AEAC201F663D00B56435 /* MusicApp.app */ = {isa = PBXFileReference; explicitFileType = wrapper.application; includeInIndex = 0; path = MusicApp.app; sourceTree = BUILT_PRODUCTS_DIR; };
		87D9AEAF201F663D00B56435 /* AppDelegate.swift */ = {isa = PBXFileReference; lastKnownFileType = sourcecode.swift; path = AppDelegate.swift; sourceTree = "<group>"; };
		87D9AEB1201F663D00B56435 /* ViewController.swift */ = {isa = PBXFileReference; lastKnownFileType = sourcecode.swift; path = ViewController.swift; sourceTree = "<group>"; };
		87D9AEB4201F663D00B56435 /* Base */ = {isa = PBXFileReference; lastKnownFileType = file.storyboard; name = Base; path = Base.lproj/Main.storyboard; sourceTree = "<group>"; };
		87D9AEB6201F663D00B56435 /* Assets.xcassets */ = {isa = PBXFileReference; lastKnownFileType = folder.assetcatalog; path = Assets.xcassets; sourceTree = "<group>"; };
		87D9AEB9201F663D00B56435 /* Base */ = {isa = PBXFileReference; lastKnownFileType = file.storyboard; name = Base; path = Base.lproj/LaunchScreen.storyboard; sourceTree = "<group>"; };
		87D9AEBB201F663D00B56435 /* Info.plist */ = {isa = PBXFileReference; lastKnownFileType = text.plist.xml; path = Info.plist; sourceTree = "<group>"; };
		87D9AEC0201F663D00B56435 /* MusicAppTests.xctest */ = {isa = PBXFileReference; explicitFileType = wrapper.cfbundle; includeInIndex = 0; path = MusicAppTests.xctest; sourceTree = BUILT_PRODUCTS_DIR; };
		87D9AEC4201F663D00B56435 /* MusicAppTests.swift */ = {isa = PBXFileReference; lastKnownFileType = sourcecode.swift; path = MusicAppTests.swift; sourceTree = "<group>"; };
		87D9AEC6201F663D00B56435 /* Info.plist */ = {isa = PBXFileReference; lastKnownFileType = text.plist.xml; path = Info.plist; sourceTree = "<group>"; };
		87D9AECB201F663D00B56435 /* MusicAppUITests.xctest */ = {isa = PBXFileReference; explicitFileType = wrapper.cfbundle; includeInIndex = 0; path = MusicAppUITests.xctest; sourceTree = BUILT_PRODUCTS_DIR; };
		87D9AECF201F663D00B56435 /* MusicAppUITests.swift */ = {isa = PBXFileReference; lastKnownFileType = sourcecode.swift; path = MusicAppUITests.swift; sourceTree = "<group>"; };
		87D9AED1201F663D00B56435 /* Info.plist */ = {isa = PBXFileReference; lastKnownFileType = text.plist.xml; path = Info.plist; sourceTree = "<group>"; };
/* End PBXFileReference section */

/* Begin PBXFrameworksBuildPhase section */
		87D9AEA9201F663D00B56435 /* Frameworks */ = {
			isa = PBXFrameworksBuildPhase;
			buildActionMask = 2147483647;
			files = (
			);
			runOnlyForDeploymentPostprocessing = 0;
		};
		87D9AEBD201F663D00B56435 /* Frameworks */ = {
			isa = PBXFrameworksBuildPhase;
			buildActionMask = 2147483647;
			files = (
			);
			runOnlyForDeploymentPostprocessing = 0;
		};
		87D9AEC8201F663D00B56435 /* Frameworks */ = {
			isa = PBXFrameworksBuildPhase;
			buildActionMask = 2147483647;
			files = (
			);
			runOnlyForDeploymentPostprocessing = 0;
		};
/* End PBXFrameworksBuildPhase section */

/* Begin PBXGroup section */
		87D9AEA3201F663D00B56435 = {
			isa = PBXGroup;
			children = (
				87D9AEAE201F663D00B56435 /* MusicApp */,
				87D9AEC3201F663D00B56435 /* MusicAppTests */,
				87D9AECE201F663D00B56435 /* MusicAppUITests */,
				87D9AEAD201F663D00B56435 /* Products */,
			);
			sourceTree = "<group>";
		};
		87D9AEAD201F663D00B56435 /* Products */ = {
			isa = PBXGroup;
			children = (
				87D9AEAC201F663D00B56435 /* MusicApp.app */,
				87D9AEC0201F663D00B56435 /* MusicAppTests.xctest */,
				87D9AECB201F663D00B56435 /* MusicAppUITests.xctest */,
			);
			name = Products;
			sourceTree = "<group>";
		};
		87D9AEAE201F663D00B56435 /* MusicApp */ = {
			isa = PBXGroup;
			children = (
				87D9AEAF201F663D00B56435 /* AppDelegate.swift */,
				87D9AEB1201F663D00B56435 /* ViewController.swift */,
				87D9AEB3201F663D00B56435 /* Main.storyboard */,
				87D9AEB6201F663D00B56435 /* Assets.xcassets */,
				87D9AEB8201F663D00B56435 /* LaunchScreen.storyboard */,
				87D9AEBB201F663D00B56435 /* Info.plist */,
			);
			path = MusicApp;
			sourceTree = "<group>";
		};
		87D9AEC3201F663D00B56435 /* MusicAppTests */ = {
			isa = PBXGroup;
			children = (
				87D9AEC4201F663D00B56435 /* MusicAppTests.swift */,
				87D9AEC6201F663D00B56435 /* Info.plist */,
			);
			path = MusicAppTests;
			sourceTree = "<group>";
		};
		87D9AECE201F663D00B56435 /* MusicAppUITests */ = {
			isa = PBXGroup;
			children = (
				87D9AECF201F663D00B56435 /* MusicAppUITests.swift */,
				87D9AED1201F663D00B56435 /* Info.plist */,
			);
			path = MusicAppUITests;
			sourceTree = "<group>";
		};
/* End PBXGroup section */

/* Begin PBXNativeTarget section */
		87D9AEAB201F663D00B56435 /* MusicApp */ = {
			isa = PBXNativeTarget;
			buildConfigurationList = 87D9AED4201F663D00B56435 /* Build configuration list for PBXNativeTarget "MusicApp" */;
			buildPhases = (
				87D9AEA8201F663D00B56435 /* Sources */,
				87D9AEA9201F663D00B56435 /* Frameworks */,
				87D9AEAA201F663D00B56435 /* Resources */,
			);
			buildRules = (
			);
			dependencies = (
			);
			name = MusicApp;
			productName = MusicApp;
			productReference = 87D9AEAC201F663D00B56435 /* MusicApp.app */;
			productType = "com.apple.product-type.application";
		};
		87D9AEBF201F663D00B56435 /* MusicAppTests */ = {
			isa = PBXNativeTarget;
			buildConfigurationList = 87D9AED7201F663D00B56435 /* Build configuration list for PBXNativeTarget "MusicAppTests" */;
			buildPhases = (
				87D9AEBC201F663D00B56435 /* Sources */,
				87D9AEBD201F663D00B56435 /* Frameworks */,
				87D9AEBE201F663D00B56435 /* Resources */,
			);
			buildRules = (
			);
			dependencies = (
				87D9AEC2201F663D00B56435 /* PBXTargetDependency */,
			);
			name = MusicAppTests;
			productName = MusicAppTests;
			productReference = 87D9AEC0201F663D00B56435 /* MusicAppTests.xctest */;
			productType = "com.apple.product-type.bundle.unit-test";
		};
		87D9AECA201F663D00B56435 /* MusicAppUITests */ = {
			isa = PBXNativeTarget;
			buildConfigurationList = 87D9AEDA201F663D00B56435 /* Build configuration list for PBXNativeTarget "MusicAppUITests" */;
			buildPhases = (
				87D9AEC7201F663D00B56435 /* Sources */,
				87D9AEC8201F663D00B56435 /* Frameworks */,
				87D9AEC9201F663D00B56435 /* Resources */,
			);
			buildRules = (
			);
			dependencies = (
				87D9AECD201F663D00B56435 /* PBXTargetDependency */,
			);
			name = MusicAppUITests;
			productName = MusicAppUITests;
			productReference = 87D9AECB201F663D00B56435 /* MusicAppUITests.xctest */;
			productType = "com.apple.product-type.bundle.ui-testing";
		};
/* End PBXNativeTarget section */

/* Begin PBXProject section */
		87D9AEA4201F663D00B56435 /* Project object */ = {
			isa = PBXProject;
			attributes = {
				LastSwiftUpdateCheck = 0920;
				LastUpgradeCheck = 0920;
				ORGANIZATIONNAME = "Luca Nocella";
				TargetAttributes = {
					87D9AEAB201F663D00B56435 = {
						CreatedOnToolsVersion = 9.2;
						ProvisioningStyle = Automatic;
					};
					87D9AEBF201F663D00B56435 = {
						CreatedOnToolsVersion = 9.2;
						ProvisioningStyle = Automatic;
						TestTargetID = 87D9AEAB201F663D00B56435;
					};
					87D9AECA201F663D00B56435 = {
						CreatedOnToolsVersion = 9.2;
						ProvisioningStyle = Automatic;
						TestTargetID = 87D9AEAB201F663D00B56435;
					};
				};
			};
			buildConfigurationList = 87D9AEA7201F663D00B56435 /* Build configuration list for PBXProject "MusicApp" */;
			compatibilityVersion = "Xcode 8.0";
			developmentRegion = en;
			hasScannedForEncodings = 0;
			knownRegions = (
				en,
				Base,
			);
			mainGroup = 87D9AEA3201F663D00B56435;
			productRefGroup = 87D9AEAD201F663D00B56435 /* Products */;
			projectDirPath = "";
			projectRoot = "";
			targets = (
				87D9AEAB201F663D00B56435 /* MusicApp */,
				87D9AEBF201F663D00B56435 /* MusicAppTests */,
				87D9AECA201F663D00B56435 /* MusicAppUITests */,
			);
		};
/* End PBXProject section */

/* Begin PBXResourcesBuildPhase section */
		87D9AEAA201F663D00B56435 /* Resources */ = {
			isa = PBXResourcesBuildPhase;
			buildActionMask = 2147483647;
			files = (
				87D9AEBA201F663D00B56435 /* LaunchScreen.storyboard in Resources */,
				87D9AEB7201F663D00B56435 /* Assets.xcassets in Resources */,
				87D9AEB5201F663D00B56435 /* Main.storyboard in Resources */,
			);
			runOnlyForDeploymentPostprocessing = 0;
		};
		87D9AEBE201F663D00B56435 /* Resources */ = {
			isa = PBXResourcesBuildPhase;
			buildActionMask = 2147483647;
			files = (
			);
			runOnlyForDeploymentPostprocessing = 0;
		};
		87D9AEC9201F663D00B56435 /* Resources */ = {
			isa = PBXResourcesBuildPhase;
			buildActionMask = 2147483647;
			files = (
			);
			runOnlyForDeploymentPostprocessing = 0;
		};
/* End PBXResourcesBuildPhase section */

/* Begin PBXSourcesBuildPhase section */
		87D9AEA8201F663D00B56435 /* Sources */ = {
			isa = PBXSourcesBuildPhase;
			buildActionMask = 2147483647;
			files = (
				87D9AEB2201F663D00B56435 /* ViewController.swift in Sources */,
				87D9AEB0201F663D00B56435 /* AppDelegate.swift in Sources */,
			);
			runOnlyForDeploymentPostprocessing = 0;
		};
		87D9AEBC201F663D00B56435 /* Sources */ = {
			isa = PBXSourcesBuildPhase;
			buildActionMask = 2147483647;
			files = (
				87D9AEC5201F663D00B56435 /* MusicAppTests.swift in Sources */,
			);
			runOnlyForDeploymentPostprocessing = 0;
		};
		87D9AEC7201F663D00B56435 /* Sources */ = {
			isa = PBXSourcesBuildPhase;
			buildActionMask = 2147483647;
			files = (
				87D9AED0201F663D00B56435 /* MusicAppUITests.swift in Sources */,
			);
			runOnlyForDeploymentPostprocessing = 0;
		};
/* End PBXSourcesBuildPhase section */

/* Begin PBXTargetDependency section */
		87D9AEC2201F663D00B56435 /* PBXTargetDependency */ = {
			isa = PBXTargetDependency;
			target = 87D9AEAB201F663D00B56435 /* MusicApp */;
			targetProxy = 87D9AEC1201F663D00B56435 /* PBXContainerItemProxy */;
		};
		87D9AECD201F663D00B56435 /* PBXTargetDependency */ = {
			isa = PBXTargetDependency;
			target = 87D9AEAB201F663D00B56435 /* MusicApp */;
			targetProxy = 87D9AECC201F663D00B56435 /* PBXContainerItemProxy */;
		};
/* End PBXTargetDependency section */

/* Begin PBXVariantGroup section */
		87D9AEB3201F663D00B56435 /* Main.storyboard */ = {
			isa = PBXVariantGroup;
			children = (
				87D9AEB4201F663D00B56435 /* Base */,
			);
			name = Main.storyboard;
			sourceTree = "<group>";
		};
		87D9AEB8201F663D00B56435 /* LaunchScreen.storyboard */ = {
			isa = PBXVariantGroup;
			children = (
				87D9AEB9201F663D00B56435 /* Base */,
			);
			name = LaunchScreen.storyboard;
			sourceTree = "<group>";
		};
/* End PBXVariantGroup section */

/* Begin XCBuildConfiguration section */
		87D9AED2201F663D00B56435 /* Debug */ = {
			isa = XCBuildConfiguration;
			buildSettings = {
				ALWAYS_SEARCH_USER_PATHS = NO;
				CLANG_ANALYZER_NONNULL = YES;
				CLANG_ANALYZER_NUMBER_OBJECT_CONVERSION = YES_AGGRESSIVE;
				CLANG_CXX_LANGUAGE_STANDARD = "gnu++14";
				CLANG_CXX_LIBRARY = "libc++";
				CLANG_ENABLE_MODULES = YES;
				CLANG_ENABLE_OBJC_ARC = YES;
				CLANG_WARN_BLOCK_CAPTURE_AUTORELEASING = YES;
				CLANG_WARN_BOOL_CONVERSION = YES;
				CLANG_WARN_COMMA = YES;
				CLANG_WARN_CONSTANT_CONVERSION = YES;
				CLANG_WARN_DIRECT_OBJC_ISA_USAGE = YES_ERROR;
				CLANG_WARN_DOCUMENTATION_COMMENTS = YES;
				CLANG_WARN_EMPTY_BODY = YES;
				CLANG_WARN_ENUM_CONVERSION = YES;
				CLANG_WARN_INFINITE_RECURSION = YES;
				CLANG_WARN_INT_CONVERSION = YES;
				CLANG_WARN_NON_LITERAL_NULL_CONVERSION = YES;
				CLANG_WARN_OBJC_LITERAL_CONVERSION = YES;
				CLANG_WARN_OBJC_ROOT_CLASS = YES_ERROR;
				CLANG_WARN_RANGE_LOOP_ANALYSIS = YES;
				CLANG_WARN_STRICT_PROTOTYPES = YES;
				CLANG_WARN_SUSPICIOUS_MOVE = YES;
				CLANG_WARN_UNGUARDED_AVAILABILITY = YES_AGGRESSIVE;
				CLANG_WARN_UNREACHABLE_CODE = YES;
				CLANG_WARN__DUPLICATE_METHOD_MATCH = YES;
				CODE_SIGN_IDENTITY = "iPhone Developer";
				COPY_PHASE_STRIP = NO;
				DEBUG_INFORMATION_FORMAT = dwarf;
				ENABLE_STRICT_OBJC_MSGSEND = YES;
				ENABLE_TESTABILITY = YES;
				GCC_C_LANGUAGE_STANDARD = gnu11;
				GCC_DYNAMIC_NO_PIC = NO;
				GCC_NO_COMMON_BLOCKS = YES;
				GCC_OPTIMIZATION_LEVEL = 0;
				GCC_PREPROCESSOR_DEFINITIONS = (
					"DEBUG=1",
					"$(inherited)",
				);
				GCC_WARN_64_TO_32_BIT_CONVERSION = YES;
				GCC_WARN_ABOUT_RETURN_TYPE = YES_ERROR;
				GCC_WARN_UNDECLARED_SELECTOR = YES;
				GCC_WARN_UNINITIALIZED_AUTOS = YES_AGGRESSIVE;
				GCC_WARN_UNUSED_FUNCTION = YES;
				GCC_WARN_UNUSED_VARIABLE = YES;
				IPHONEOS_DEPLOYMENT_TARGET = 11.2;
				MTL_ENABLE_DEBUG_INFO = YES;
				ONLY_ACTIVE_ARCH = YES;
				SDKROOT = iphoneos;
				SWIFT_ACTIVE_COMPILATION_CONDITIONS = DEBUG;
				SWIFT_OPTIMIZATION_LEVEL = "-Onone";
			};
			name = Debug;
		};
		87D9AED3201F663D00B56435 /* Release */ = {
			isa = XCBuildConfiguration;
			buildSettings = {
				ALWAYS_SEARCH_USER_PATHS = NO;
				CLANG_ANALYZER_NONNULL = YES;
				CLANG_ANALYZER_NUMBER_OBJECT_CONVERSION = YES_AGGRESSIVE;
				CLANG_CXX_LANGUAGE_STANDARD = "gnu++14";
				CLANG_CXX_LIBRARY = "libc++";
				CLANG_ENABLE_MODULES = YES;
				CLANG_ENABLE_OBJC_ARC = YES;
				CLANG_WARN_BLOCK_CAPTURE_AUTORELEASING = YES;
				CLANG_WARN_BOOL_CONVERSION = YES;
				CLANG_WARN_COMMA = YES;
				CLANG_WARN_CONSTANT_CONVERSION = YES;
				CLANG_WARN_DIRECT_OBJC_ISA_USAGE = YES_ERROR;
				CLANG_WARN_DOCUMENTATION_COMMENTS = YES;
				CLANG_WARN_EMPTY_BODY = YES;
				CLANG_WARN_ENUM_CONVERSION = YES;
				CLANG_WARN_INFINITE_RECURSION = YES;
				CLANG_WARN_INT_CONVERSION = YES;
				CLANG_WARN_NON_LITERAL_NULL_CONVERSION = YES;
				CLANG_WARN_OBJC_LITERAL_CONVERSION = YES;
				CLANG_WARN_OBJC_ROOT_CLASS = YES_ERROR;
				CLANG_WARN_RANGE_LOOP_ANALYSIS = YES;
				CLANG_WARN_STRICT_PROTOTYPES = YES;
				CLANG_WARN_SUSPICIOUS_MOVE = YES;
				CLANG_WARN_UNGUARDED_AVAILABILITY = YES_AGGRESSIVE;
				CLANG_WARN_UNREACHABLE_CODE = YES;
				CLANG_WARN__DUPLICATE_METHOD_MATCH = YES;
				CODE_SIGN_IDENTITY = "iPhone Developer";
				COPY_PHASE_STRIP = NO;
				DEBUG_INFORMATION_FORMAT = "dwarf-with-dsym";
				ENABLE_NS_ASSERTIONS = NO;
				ENABLE_STRICT_OBJC_MSGSEND = YES;
				GCC_C_LANGUAGE_STANDARD = gnu11;
				GCC_NO_COMMON_BLOCKS = YES;
				GCC_WARN_64_TO_32_BIT_CONVERSION = YES;
				GCC_WARN_ABOUT_RETURN_TYPE = YES_ERROR;
				GCC_WARN_UNDECLARED_SELECTOR = YES;
				GCC_WARN_UNINITIALIZED_AUTOS = YES_AGGRESSIVE;
				GCC_WARN_UNUSED_FUNCTION = YES;
				GCC_WARN_UNUSED_VARIABLE = YES;
				IPHONEOS_DEPLOYMENT_TARGET = 11.2;
				MTL_ENABLE_DEBUG_INFO = NO;
				SDKROOT = iphoneos;
				SWIFT_OPTIMIZATION_LEVEL = "-Owholemodule";
				VALIDATE_PRODUCT = YES;
			};
			name = Release;
		};
		87D9AED5201F663D00B56435 /* Debug */ = {
			isa = XCBuildConfiguration;
			buildSettings = {
				ASSETCATALOG_COMPILER_APPICON_NAME = AppIcon;
				CODE_SIGN_STYLE = Automatic;
				DEVELOPMENT_TEAM = P5S5P448B8;
				INFOPLIST_FILE = MusicApp/Info.plist;
				LD_RUNPATH_SEARCH_PATHS = "$(inherited) @executable_path/Frameworks";
				PRODUCT_BUNDLE_IDENTIFIER = iosda.MusicApp;
				PRODUCT_NAME = "$(TARGET_NAME)";
				SWIFT_VERSION = 4.0;
				TARGETED_DEVICE_FAMILY = "1,2";
			};
			name = Debug;
		};
		87D9AED6201F663D00B56435 /* Release */ = {
			isa = XCBuildConfiguration;
			buildSettings = {
				ASSETCATALOG_COMPILER_APPICON_NAME = AppIcon;
				CODE_SIGN_STYLE = Automatic;
				DEVELOPMENT_TEAM = P5S5P448B8;
				INFOPLIST_FILE = MusicApp/Info.plist;
				LD_RUNPATH_SEARCH_PATHS = "$(inherited) @executable_path/Frameworks";
				PRODUCT_BUNDLE_IDENTIFIER = iosda.MusicApp;
				PRODUCT_NAME = "$(TARGET_NAME)";
				SWIFT_VERSION = 4.0;
				TARGETED_DEVICE_FAMILY = "1,2";
			};
			name = Release;
		};
		87D9AED8201F663D00B56435 /* Debug */ = {
			isa = XCBuildConfiguration;
			buildSettings = {
				ALWAYS_EMBED_SWIFT_STANDARD_LIBRARIES = YES;
				BUNDLE_LOADER = "$(TEST_HOST)";
				CODE_SIGN_STYLE = Automatic;
				DEVELOPMENT_TEAM = P5S5P448B8;
				INFOPLIST_FILE = MusicAppTests/Info.plist;
				LD_RUNPATH_SEARCH_PATHS = "$(inherited) @executable_path/Frameworks @loader_path/Frameworks";
				PRODUCT_BUNDLE_IDENTIFIER = iosda.MusicAppTests;
				PRODUCT_NAME = "$(TARGET_NAME)";
				SWIFT_VERSION = 4.0;
				TARGETED_DEVICE_FAMILY = "1,2";
				TEST_HOST = "$(BUILT_PRODUCTS_DIR)/MusicApp.app/MusicApp";
			};
			name = Debug;
		};
		87D9AED9201F663D00B56435 /* Release */ = {
			isa = XCBuildConfiguration;
			buildSettings = {
				ALWAYS_EMBED_SWIFT_STANDARD_LIBRARIES = YES;
				BUNDLE_LOADER = "$(TEST_HOST)";
				CODE_SIGN_STYLE = Automatic;
				DEVELOPMENT_TEAM = P5S5P448B8;
				INFOPLIST_FILE = MusicAppTests/Info.plist;
				LD_RUNPATH_SEARCH_PATHS = "$(inherited) @executable_path/Frameworks @loader_path/Frameworks";
				PRODUCT_BUNDLE_IDENTIFIER = iosda.MusicAppTests;
				PRODUCT_NAME = "$(TARGET_NAME)";
				SWIFT_VERSION = 4.0;
				TARGETED_DEVICE_FAMILY = "1,2";
				TEST_HOST = "$(BUILT_PRODUCTS_DIR)/MusicApp.app/MusicApp";
			};
			name = Release;
		};
		87D9AEDB201F663D00B56435 /* Debug */ = {
			isa = XCBuildConfiguration;
			buildSettings = {
				ALWAYS_EMBED_SWIFT_STANDARD_LIBRARIES = YES;
				CODE_SIGN_STYLE = Automatic;
				DEVELOPMENT_TEAM = P5S5P448B8;
				INFOPLIST_FILE = MusicAppUITests/Info.plist;
				LD_RUNPATH_SEARCH_PATHS = "$(inherited) @executable_path/Frameworks @loader_path/Frameworks";
				PRODUCT_BUNDLE_IDENTIFIER = iosda.MusicAppUITests;
				PRODUCT_NAME = "$(TARGET_NAME)";
				SWIFT_VERSION = 4.0;
				TARGETED_DEVICE_FAMILY = "1,2";
				TEST_TARGET_NAME = MusicApp;
			};
			name = Debug;
		};
		87D9AEDC201F663D00B56435 /* Release */ = {
			isa = XCBuildConfiguration;
			buildSettings = {
				ALWAYS_EMBED_SWIFT_STANDARD_LIBRARIES = YES;
				CODE_SIGN_STYLE = Automatic;
				DEVELOPMENT_TEAM = P5S5P448B8;
				INFOPLIST_FILE = MusicAppUITests/Info.plist;
				LD_RUNPATH_SEARCH_PATHS = "$(inherited) @executable_path/Frameworks @loader_path/Frameworks";
				PRODUCT_BUNDLE_IDENTIFIER = iosda.MusicAppUITests;
				PRODUCT_NAME = "$(TARGET_NAME)";
				SWIFT_VERSION = 4.0;
				TARGETED_DEVICE_FAMILY = "1,2";
				TEST_TARGET_NAME = MusicApp;
			};
			name = Release;
		};
/* End XCBuildConfiguration section */

/* Begin XCConfigurationList section */
		87D9AEA7201F663D00B56435 /* Build configuration list for PBXProject "MusicApp" */ = {
			isa = XCConfigurationList;
			buildConfigurations = (
				87D9AED2201F663D00B56435 /* Debug */,
				87D9AED3201F663D00B56435 /* Release */,
			);
			defaultConfigurationIsVisible = 0;
			defaultConfigurationName = Release;
		};
		87D9AED4201F663D00B56435 /* Build configuration list for PBXNativeTarget "MusicApp" */ = {
			isa = XCConfigurationList;
			buildConfigurations = (
				87D9AED5201F663D00B56435 /* Debug */,
				87D9AED6201F663D00B56435 /* Release */,
			);
			defaultConfigurationIsVisible = 0;
			defaultConfigurationName = Release;
		};
		87D9AED7201F663D00B56435 /* Build configuration list for PBXNativeTarget "MusicAppTests" */ = {
			isa = XCConfigurationList;
			buildConfigurations = (
				87D9AED8201F663D00B56435 /* Debug */,
				87D9AED9201F663D00B56435 /* Release */,
			);
			defaultConfigurationIsVisible = 0;
			defaultConfigurationName = Release;
		};
		87D9AEDA201F663D00B56435 /* Build configuration list for PBXNativeTarget "MusicAppUITests" */ = {
			isa = XCConfigurationList;
			buildConfigurations = (
				87D9AEDB201F663D00B56435 /* Debug */,
				87D9AEDC201F663D00B56435 /* Release */,
			);
			defaultConfigurationIsVisible = 0;
			defaultConfigurationName = Release;
		};
/* End XCConfigurationList section */
	};
	rootObject = 87D9AEA4201F663D00B56435 /* Project object */;
}
